
Microsoft Visual Studio Solution File, Format Version 12.00
# Visual Studio Version 16
VisualStudioVersion = 16.0.29001.49
MinimumVisualStudioVersion = 10.0.40219.1
Project("{FAE04EC0-301F-11D3-BF4B-00C04F79EFBC}") = "CapstoneCarLot", "CapstoneCarLot\CapstoneCarLot.csproj", "{6A9491E0-E75B-4F09-93BB-E8D7B7141DCC}"
EndProject
Global
	GlobalSection(SolutionConfigurationPlatforms) = preSolution
		Debug|Any CPU = Debug|Any CPU
		Release|Any CPU = Release|Any CPU
	EndGlobalSection
	GlobalSection(ProjectConfigurationPlatforms) = postSolution
		{6A9491E0-E75B-4F09-93BB-E8D7B7141DCC}.Debug|Any CPU.ActiveCfg = Debug|Any CPU
		{6A9491E0-E75B-4F09-93BB-E8D7B7141DCC}.Debug|Any CPU.Build.0 = Debug|Any CPU
		{6A9491E0-E75B-4F09-93BB-E8D7B7141DCC}.Release|Any CPU.ActiveCfg = Release|Any CPU
		{6A9491E0-E75B-4F09-93BB-E8D7B7141DCC}.Release|Any CPU.Build.0 = Release|Any CPU
	EndGlobalSection
	GlobalSection(SolutionProperties) = preSolution
		HideSolutionNode = FALSE
	EndGlobalSection
	GlobalSection(ExtensibilityGlobals) = postSolution
		SolutionGuid = {D9AB6538-9EDB-46A9-87F3-C73D48837E55}
	EndGlobalSection
EndGlobal
